
Microsoft Visual Studio Solution File, Format Version 12.00
# Visual Studio 14
VisualStudioVersion = 14.0.25123.0
MinimumVisualStudioVersion = 10.0.40219.1
Project("{FAE04EC0-301F-11D3-BF4B-00C04F79EFBC}") = "WgClientSample.Droid", "WgClientSample\WgClientSample.Droid\WgClientSample.Droid.csproj", "{6794E0B6-97C1-47B5-BE07-292714904513}"
EndProject
Project("{FAE04EC0-301F-11D3-BF4B-00C04F79EFBC}") = "WgClientSample.iOS", "WgClientSample\WgClientSample.iOS\WgClientSample.iOS.csproj", "{D60AD6BF-F57C-412F-A556-0FA694661A45}"
EndProject
Project("{FAE04EC0-301F-11D3-BF4B-00C04F79EFBC}") = "WgClientSample.WinPhone", "WgClientSample\WgClientSample.WinPhone\WgClientSample.WinPhone.csproj", "{E6BD5735-C934-459B-83E5-E5540CC25EF5}"
EndProject
Project("{FAE04EC0-301F-11D3-BF4B-00C04F79EFBC}") = "WgClientSample.UWP", "WgClientSample\WgClientSample.UWP\WgClientSample.UWP.csproj", "{48C51A98-E19B-4058-A0D0-04E602DBF2E1}"
EndProject
Project("{FAE04EC0-301F-11D3-BF4B-00C04F79EFBC}") = "WgClientSample.Windows", "WgClientSample\WgClientSample.Windows\WgClientSample.Windows.csproj", "{34D7B45B-2B08-4D36-8B47-0DAF9D61157A}"
EndProject
Project("{FAE04EC0-301F-11D3-BF4B-00C04F79EFBC}") = "WgClientSample", "WgClientSample\WgClientSample\WgClientSample.csproj", "{15960BAD-675D-46C5-B56A-EF9C969F890D}"
EndProject
Global
	GlobalSection(SolutionConfigurationPlatforms) = preSolution
		Ad-Hoc|Any CPU = Ad-Hoc|Any CPU
		Ad-Hoc|ARM = Ad-Hoc|ARM
		Ad-Hoc|iPhone = Ad-Hoc|iPhone
		Ad-Hoc|iPhoneSimulator = Ad-Hoc|iPhoneSimulator
		Ad-Hoc|x64 = Ad-Hoc|x64
		Ad-Hoc|x86 = Ad-Hoc|x86
		AppStore|Any CPU = AppStore|Any CPU
		AppStore|ARM = AppStore|ARM
		AppStore|iPhone = AppStore|iPhone
		AppStore|iPhoneSimulator = AppStore|iPhoneSimulator
		AppStore|x64 = AppStore|x64
		AppStore|x86 = AppStore|x86
		Debug|Any CPU = Debug|Any CPU
		Debug|ARM = Debug|ARM
		Debug|iPhone = Debug|iPhone
		Debug|iPhoneSimulator = Debug|iPhoneSimulator
		Debug|x64 = Debug|x64
		Debug|x86 = Debug|x86
		Release|Any CPU = Release|Any CPU
		Release|ARM = Release|ARM
		Release|iPhone = Release|iPhone
		Release|iPhoneSimulator = Release|iPhoneSimulator
		Release|x64 = Release|x64
		Release|x86 = Release|x86
	EndGlobalSection
	GlobalSection(ProjectConfigurationPlatforms) = postSolution
		{6794E0B6-97C1-47B5-BE07-292714904513}.Ad-Hoc|Any CPU.ActiveCfg = Release|Any CPU
		{6794E0B6-97C1-47B5-BE07-292714904513}.Ad-Hoc|Any CPU.Build.0 = Release|Any CPU
		{6794E0B6-97C1-47B5-BE07-292714904513}.Ad-Hoc|Any CPU.Deploy.0 = Release|Any CPU
		{6794E0B6-97C1-47B5-BE07-292714904513}.Ad-Hoc|ARM.ActiveCfg = Release|Any CPU
		{6794E0B6-97C1-47B5-BE07-292714904513}.Ad-Hoc|ARM.Build.0 = Release|Any CPU
		{6794E0B6-97C1-47B5-BE07-292714904513}.Ad-Hoc|ARM.Deploy.0 = Release|Any CPU
		{6794E0B6-97C1-47B5-BE07-292714904513}.Ad-Hoc|iPhone.ActiveCfg = Release|Any CPU
		{6794E0B6-97C1-47B5-BE07-292714904513}.Ad-Hoc|iPhone.Build.0 = Release|Any CPU
		{6794E0B6-97C1-47B5-BE07-292714904513}.Ad-Hoc|iPhone.Deploy.0 = Release|Any CPU
		{6794E0B6-97C1-47B5-BE07-292714904513}.Ad-Hoc|iPhoneSimulator.ActiveCfg = Release|Any CPU
		{6794E0B6-97C1-47B5-BE07-292714904513}.Ad-Hoc|iPhoneSimulator.Build.0 = Release|Any CPU
		{6794E0B6-97C1-47B5-BE07-292714904513}.Ad-Hoc|iPhoneSimulator.Deploy.0 = Release|Any CPU
		{6794E0B6-97C1-47B5-BE07-292714904513}.Ad-Hoc|x64.ActiveCfg = Release|Any CPU
		{6794E0B6-97C1-47B5-BE07-292714904513}.Ad-Hoc|x64.Build.0 = Release|Any CPU
		{6794E0B6-97C1-47B5-BE07-292714904513}.Ad-Hoc|x64.Deploy.0 = Release|Any CPU
		{6794E0B6-97C1-47B5-BE07-292714904513}.Ad-Hoc|x86.ActiveCfg = Release|Any CPU
		{6794E0B6-97C1-47B5-BE07-292714904513}.Ad-Hoc|x86.Build.0 = Release|Any CPU
		{6794E0B6-97C1-47B5-BE07-292714904513}.Ad-Hoc|x86.Deploy.0 = Release|Any CPU
		{6794E0B6-97C1-47B5-BE07-292714904513}.AppStore|Any CPU.ActiveCfg = Release|Any CPU
		{6794E0B6-97C1-47B5-BE07-292714904513}.AppStore|Any CPU.Build.0 = Release|Any CPU
		{6794E0B6-97C1-47B5-BE07-292714904513}.AppStore|Any CPU.Deploy.0 = Release|Any CPU
		{6794E0B6-97C1-47B5-BE07-292714904513}.AppStore|ARM.ActiveCfg = Release|Any CPU
		{6794E0B6-97C1-47B5-BE07-292714904513}.AppStore|ARM.Build.0 = Release|Any CPU
		{6794E0B6-97C1-47B5-BE07-292714904513}.AppStore|ARM.Deploy.0 = Release|Any CPU
		{6794E0B6-97C1-47B5-BE07-292714904513}.AppStore|iPhone.ActiveCfg = Release|Any CPU
		{6794E0B6-97C1-47B5-BE07-292714904513}.AppStore|iPhone.Build.0 = Release|Any CPU
		{6794E0B6-97C1-47B5-BE07-292714904513}.AppStore|iPhone.Deploy.0 = Release|Any CPU
		{6794E0B6-97C1-47B5-BE07-292714904513}.AppStore|iPhoneSimulator.ActiveCfg = Release|Any CPU
		{6794E0B6-97C1-47B5-BE07-292714904513}.AppStore|iPhoneSimulator.Build.0 = Release|Any CPU
		{6794E0B6-97C1-47B5-BE07-292714904513}.AppStore|iPhoneSimulator.Deploy.0 = Release|Any CPU
		{6794E0B6-97C1-47B5-BE07-292714904513}.AppStore|x64.ActiveCfg = Release|Any CPU
		{6794E0B6-97C1-47B5-BE07-292714904513}.AppStore|x64.Build.0 = Release|Any CPU
		{6794E0B6-97C1-47B5-BE07-292714904513}.AppStore|x64.Deploy.0 = Release|Any CPU
		{6794E0B6-97C1-47B5-BE07-292714904513}.AppStore|x86.ActiveCfg = Release|Any CPU
		{6794E0B6-97C1-47B5-BE07-292714904513}.AppStore|x86.Build.0 = Release|Any CPU
		{6794E0B6-97C1-47B5-BE07-292714904513}.AppStore|x86.Deploy.0 = Release|Any CPU
		{6794E0B6-97C1-47B5-BE07-292714904513}.Debug|Any CPU.ActiveCfg = Debug|Any CPU
		{6794E0B6-97C1-47B5-BE07-292714904513}.Debug|Any CPU.Build.0 = Debug|Any CPU
		{6794E0B6-97C1-47B5-BE07-292714904513}.Debug|Any CPU.Deploy.0 = Debug|Any CPU
		{6794E0B6-97C1-47B5-BE07-292714904513}.Debug|ARM.ActiveCfg = Debug|Any CPU
		{6794E0B6-97C1-47B5-BE07-292714904513}.Debug|ARM.Build.0 = Debug|Any CPU
		{6794E0B6-97C1-47B5-BE07-292714904513}.Debug|ARM.Deploy.0 = Debug|Any CPU
		{6794E0B6-97C1-47B5-BE07-292714904513}.Debug|iPhone.ActiveCfg = Debug|Any CPU
		{6794E0B6-97C1-47B5-BE07-292714904513}.Debug|iPhone.Build.0 = Debug|Any CPU
		{6794E0B6-97C1-47B5-BE07-292714904513}.Debug|iPhone.Deploy.0 = Debug|Any CPU
		{6794E0B6-97C1-47B5-BE07-292714904513}.Debug|iPhoneSimulator.ActiveCfg = Debug|Any CPU
		{6794E0B6-97C1-47B5-BE07-292714904513}.Debug|iPhoneSimulator.Build.0 = Debug|Any CPU
		{6794E0B6-97C1-47B5-BE07-292714904513}.Debug|iPhoneSimulator.Deploy.0 = Debug|Any CPU
		{6794E0B6-97C1-47B5-BE07-292714904513}.Debug|x64.ActiveCfg = Debug|Any CPU
		{6794E0B6-97C1-47B5-BE07-292714904513}.Debug|x64.Build.0 = Debug|Any CPU
		{6794E0B6-97C1-47B5-BE07-292714904513}.Debug|x64.Deploy.0 = Debug|Any CPU
		{6794E0B6-97C1-47B5-BE07-292714904513}.Debug|x86.ActiveCfg = Debug|Any CPU
		{6794E0B6-97C1-47B5-BE07-292714904513}.Debug|x86.Build.0 = Debug|Any CPU
		{6794E0B6-97C1-47B5-BE07-292714904513}.Debug|x86.Deploy.0 = Debug|Any CPU
		{6794E0B6-97C1-47B5-BE07-292714904513}.Release|Any CPU.ActiveCfg = Release|Any CPU
		{6794E0B6-97C1-47B5-BE07-292714904513}.Release|Any CPU.Build.0 = Release|Any CPU
		{6794E0B6-97C1-47B5-BE07-292714904513}.Release|Any CPU.Deploy.0 = Release|Any CPU
		{6794E0B6-97C1-47B5-BE07-292714904513}.Release|ARM.ActiveCfg = Release|Any CPU
		{6794E0B6-97C1-47B5-BE07-292714904513}.Release|ARM.Build.0 = Release|Any CPU
		{6794E0B6-97C1-47B5-BE07-292714904513}.Release|ARM.Deploy.0 = Release|Any CPU
		{6794E0B6-97C1-47B5-BE07-292714904513}.Release|iPhone.ActiveCfg = Release|Any CPU
		{6794E0B6-97C1-47B5-BE07-292714904513}.Release|iPhone.Build.0 = Release|Any CPU
		{6794E0B6-97C1-47B5-BE07-292714904513}.Release|iPhone.Deploy.0 = Release|Any CPU
		{6794E0B6-97C1-47B5-BE07-292714904513}.Release|iPhoneSimulator.ActiveCfg = Release|Any CPU
		{6794E0B6-97C1-47B5-BE07-292714904513}.Release|iPhoneSimulator.Build.0 = Release|Any CPU
		{6794E0B6-97C1-47B5-BE07-292714904513}.Release|iPhoneSimulator.Deploy.0 = Release|Any CPU
		{6794E0B6-97C1-47B5-BE07-292714904513}.Release|x64.ActiveCfg = Release|Any CPU
		{6794E0B6-97C1-47B5-BE07-292714904513}.Release|x64.Build.0 = Release|Any CPU
		{6794E0B6-97C1-47B5-BE07-292714904513}.Release|x64.Deploy.0 = Release|Any CPU
		{6794E0B6-97C1-47B5-BE07-292714904513}.Release|x86.ActiveCfg = Release|Any CPU
		{6794E0B6-97C1-47B5-BE07-292714904513}.Release|x86.Build.0 = Release|Any CPU
		{6794E0B6-97C1-47B5-BE07-292714904513}.Release|x86.Deploy.0 = Release|Any CPU
		{D60AD6BF-F57C-412F-A556-0FA694661A45}.Ad-Hoc|Any CPU.ActiveCfg = Ad-Hoc|iPhone
		{D60AD6BF-F57C-412F-A556-0FA694661A45}.Ad-Hoc|ARM.ActiveCfg = Ad-Hoc|iPhone
		{D60AD6BF-F57C-412F-A556-0FA694661A45}.Ad-Hoc|iPhone.ActiveCfg = Ad-Hoc|iPhone
		{D60AD6BF-F57C-412F-A556-0FA694661A45}.Ad-Hoc|iPhone.Build.0 = Ad-Hoc|iPhone
		{D60AD6BF-F57C-412F-A556-0FA694661A45}.Ad-Hoc|iPhoneSimulator.ActiveCfg = Ad-Hoc|iPhoneSimulator
		{D60AD6BF-F57C-412F-A556-0FA694661A45}.Ad-Hoc|iPhoneSimulator.Build.0 = Ad-Hoc|iPhoneSimulator
		{D60AD6BF-F57C-412F-A556-0FA694661A45}.Ad-Hoc|x64.ActiveCfg = Ad-Hoc|iPhone
		{D60AD6BF-F57C-412F-A556-0FA694661A45}.Ad-Hoc|x86.ActiveCfg = Ad-Hoc|iPhone
		{D60AD6BF-F57C-412F-A556-0FA694661A45}.AppStore|Any CPU.ActiveCfg = AppStore|iPhone
		{D60AD6BF-F57C-412F-A556-0FA694661A45}.AppStore|ARM.ActiveCfg = AppStore|iPhone
		{D60AD6BF-F57C-412F-A556-0FA694661A45}.AppStore|iPhone.ActiveCfg = AppStore|iPhone
		{D60AD6BF-F57C-412F-A556-0FA694661A45}.AppStore|iPhone.Build.0 = AppStore|iPhone
		{D60AD6BF-F57C-412F-A556-0FA694661A45}.AppStore|iPhoneSimulator.ActiveCfg = AppStore|iPhoneSimulator
		{D60AD6BF-F57C-412F-A556-0FA694661A45}.AppStore|iPhoneSimulator.Build.0 = AppStore|iPhoneSimulator
		{D60AD6BF-F57C-412F-A556-0FA694661A45}.AppStore|x64.ActiveCfg = AppStore|iPhone
		{D60AD6BF-F57C-412F-A556-0FA694661A45}.AppStore|x86.ActiveCfg = AppStore|iPhone
		{D60AD6BF-F57C-412F-A556-0FA694661A45}.Debug|Any CPU.ActiveCfg = Debug|iPhone
		{D60AD6BF-F57C-412F-A556-0FA694661A45}.Debug|ARM.ActiveCfg = Debug|iPhone
		{D60AD6BF-F57C-412F-A556-0FA694661A45}.Debug|iPhone.ActiveCfg = Debug|iPhone
		{D60AD6BF-F57C-412F-A556-0FA694661A45}.Debug|iPhone.Build.0 = Debug|iPhone
		{D60AD6BF-F57C-412F-A556-0FA694661A45}.Debug|iPhoneSimulator.ActiveCfg = Debug|iPhoneSimulator
		{D60AD6BF-F57C-412F-A556-0FA694661A45}.Debug|iPhoneSimulator.Build.0 = Debug|iPhoneSimulator
		{D60AD6BF-F57C-412F-A556-0FA694661A45}.Debug|x64.ActiveCfg = Debug|iPhone
		{D60AD6BF-F57C-412F-A556-0FA694661A45}.Debug|x86.ActiveCfg = Debug|iPhone
		{D60AD6BF-F57C-412F-A556-0FA694661A45}.Release|Any CPU.ActiveCfg = Release|iPhone
		{D60AD6BF-F57C-412F-A556-0FA694661A45}.Release|ARM.ActiveCfg = Release|iPhone
		{D60AD6BF-F57C-412F-A556-0FA694661A45}.Release|iPhone.ActiveCfg = Release|iPhone
		{D60AD6BF-F57C-412F-A556-0FA694661A45}.Release|iPhone.Build.0 = Release|iPhone
		{D60AD6BF-F57C-412F-A556-0FA694661A45}.Release|iPhoneSimulator.ActiveCfg = Release|iPhoneSimulator
		{D60AD6BF-F57C-412F-A556-0FA694661A45}.Release|iPhoneSimulator.Build.0 = Release|iPhoneSimulator
		{D60AD6BF-F57C-412F-A556-0FA694661A45}.Release|x64.ActiveCfg = Release|iPhone
		{D60AD6BF-F57C-412F-A556-0FA694661A45}.Release|x86.ActiveCfg = Release|iPhone
		{E6BD5735-C934-459B-83E5-E5540CC25EF5}.Ad-Hoc|Any CPU.ActiveCfg = Release|Any CPU
		{E6BD5735-C934-459B-83E5-E5540CC25EF5}.Ad-Hoc|Any CPU.Build.0 = Release|Any CPU
		{E6BD5735-C934-459B-83E5-E5540CC25EF5}.Ad-Hoc|Any CPU.Deploy.0 = Release|Any CPU
		{E6BD5735-C934-459B-83E5-E5540CC25EF5}.Ad-Hoc|ARM.ActiveCfg = Release|ARM
		{E6BD5735-C934-459B-83E5-E5540CC25EF5}.Ad-Hoc|ARM.Build.0 = Release|ARM
		{E6BD5735-C934-459B-83E5-E5540CC25EF5}.Ad-Hoc|ARM.Deploy.0 = Release|ARM
		{E6BD5735-C934-459B-83E5-E5540CC25EF5}.Ad-Hoc|iPhone.ActiveCfg = Release|Any CPU
		{E6BD5735-C934-459B-83E5-E5540CC25EF5}.Ad-Hoc|iPhone.Build.0 = Release|Any CPU
		{E6BD5735-C934-459B-83E5-E5540CC25EF5}.Ad-Hoc|iPhone.Deploy.0 = Release|Any CPU
		{E6BD5735-C934-459B-83E5-E5540CC25EF5}.Ad-Hoc|iPhoneSimulator.ActiveCfg = Release|Any CPU
		{E6BD5735-C934-459B-83E5-E5540CC25EF5}.Ad-Hoc|iPhoneSimulator.Build.0 = Release|Any CPU
		{E6BD5735-C934-459B-83E5-E5540CC25EF5}.Ad-Hoc|iPhoneSimulator.Deploy.0 = Release|Any CPU
		{E6BD5735-C934-459B-83E5-E5540CC25EF5}.Ad-Hoc|x64.ActiveCfg = Release|Any CPU
		{E6BD5735-C934-459B-83E5-E5540CC25EF5}.Ad-Hoc|x64.Build.0 = Release|Any CPU
		{E6BD5735-C934-459B-83E5-E5540CC25EF5}.Ad-Hoc|x64.Deploy.0 = Release|Any CPU
		{E6BD5735-C934-459B-83E5-E5540CC25EF5}.Ad-Hoc|x86.ActiveCfg = Release|x86
		{E6BD5735-C934-459B-83E5-E5540CC25EF5}.Ad-Hoc|x86.Build.0 = Release|x86
		{E6BD5735-C934-459B-83E5-E5540CC25EF5}.Ad-Hoc|x86.Deploy.0 = Release|x86
		{E6BD5735-C934-459B-83E5-E5540CC25EF5}.AppStore|Any CPU.ActiveCfg = Release|Any CPU
		{E6BD5735-C934-459B-83E5-E5540CC25EF5}.AppStore|Any CPU.Build.0 = Release|Any CPU
		{E6BD5735-C934-459B-83E5-E5540CC25EF5}.AppStore|Any CPU.Deploy.0 = Release|Any CPU
		{E6BD5735-C934-459B-83E5-E5540CC25EF5}.AppStore|ARM.ActiveCfg = Release|ARM
		{E6BD5735-C934-459B-83E5-E5540CC25EF5}.AppStore|ARM.Build.0 = Release|ARM
		{E6BD5735-C934-459B-83E5-E5540CC25EF5}.AppStore|ARM.Deploy.0 = Release|ARM
		{E6BD5735-C934-459B-83E5-E5540CC25EF5}.AppStore|iPhone.ActiveCfg = Release|Any CPU
		{E6BD5735-C934-459B-83E5-E5540CC25EF5}.AppStore|iPhone.Build.0 = Release|Any CPU
		{E6BD5735-C934-459B-83E5-E5540CC25EF5}.AppStore|iPhone.Deploy.0 = Release|Any CPU
		{E6BD5735-C934-459B-83E5-E5540CC25EF5}.AppStore|iPhoneSimulator.ActiveCfg = Release|Any CPU
		{E6BD5735-C934-459B-83E5-E5540CC25EF5}.AppStore|iPhoneSimulator.Build.0 = Release|Any CPU
		{E6BD5735-C934-459B-83E5-E5540CC25EF5}.AppStore|iPhoneSimulator.Deploy.0 = Release|Any CPU
		{E6BD5735-C934-459B-83E5-E5540CC25EF5}.AppStore|x64.ActiveCfg = Release|Any CPU
		{E6BD5735-C934-459B-83E5-E5540CC25EF5}.AppStore|x64.Build.0 = Release|Any CPU
		{E6BD5735-C934-459B-83E5-E5540CC25EF5}.AppStore|x64.Deploy.0 = Release|Any CPU
		{E6BD5735-C934-459B-83E5-E5540CC25EF5}.AppStore|x86.ActiveCfg = Release|x86
		{E6BD5735-C934-459B-83E5-E5540CC25EF5}.AppStore|x86.Build.0 = Release|x86
		{E6BD5735-C934-459B-83E5-E5540CC25EF5}.AppStore|x86.Deploy.0 = Release|x86
		{E6BD5735-C934-459B-83E5-E5540CC25EF5}.Debug|Any CPU.ActiveCfg = Debug|Any CPU
		{E6BD5735-C934-459B-83E5-E5540CC25EF5}.Debug|Any CPU.Build.0 = Debug|Any CPU
		{E6BD5735-C934-459B-83E5-E5540CC25EF5}.Debug|Any CPU.Deploy.0 = Debug|Any CPU
		{E6BD5735-C934-459B-83E5-E5540CC25EF5}.Debug|ARM.ActiveCfg = Debug|ARM
		{E6BD5735-C934-459B-83E5-E5540CC25EF5}.Debug|ARM.Build.0 = Debug|ARM
		{E6BD5735-C934-459B-83E5-E5540CC25EF5}.Debug|ARM.Deploy.0 = Debug|ARM
		{E6BD5735-C934-459B-83E5-E5540CC25EF5}.Debug|iPhone.ActiveCfg = Debug|Any CPU
		{E6BD5735-C934-459B-83E5-E5540CC25EF5}.Debug|iPhone.Build.0 = Debug|Any CPU
		{E6BD5735-C934-459B-83E5-E5540CC25EF5}.Debug|iPhone.Deploy.0 = Debug|Any CPU
		{E6BD5735-C934-459B-83E5-E5540CC25EF5}.Debug|iPhoneSimulator.ActiveCfg = Debug|Any CPU
		{E6BD5735-C934-459B-83E5-E5540CC25EF5}.Debug|iPhoneSimulator.Build.0 = Debug|Any CPU
		{E6BD5735-C934-459B-83E5-E5540CC25EF5}.Debug|iPhoneSimulator.Deploy.0 = Debug|Any CPU
		{E6BD5735-C934-459B-83E5-E5540CC25EF5}.Debug|x64.ActiveCfg = Debug|Any CPU
		{E6BD5735-C934-459B-83E5-E5540CC25EF5}.Debug|x64.Build.0 = Debug|Any CPU
		{E6BD5735-C934-459B-83E5-E5540CC25EF5}.Debug|x64.Deploy.0 = Debug|Any CPU
		{E6BD5735-C934-459B-83E5-E5540CC25EF5}.Debug|x86.ActiveCfg = Debug|x86
		{E6BD5735-C934-459B-83E5-E5540CC25EF5}.Debug|x86.Build.0 = Debug|x86
		{E6BD5735-C934-459B-83E5-E5540CC25EF5}.Debug|x86.Deploy.0 = Debug|x86
		{E6BD5735-C934-459B-83E5-E5540CC25EF5}.Release|Any CPU.ActiveCfg = Release|Any CPU
		{E6BD5735-C934-459B-83E5-E5540CC25EF5}.Release|Any CPU.Build.0 = Release|Any CPU
		{E6BD5735-C934-459B-83E5-E5540CC25EF5}.Release|Any CPU.Deploy.0 = Release|Any CPU
		{E6BD5735-C934-459B-83E5-E5540CC25EF5}.Release|ARM.ActiveCfg = Release|ARM
		{E6BD5735-C934-459B-83E5-E5540CC25EF5}.Release|ARM.Build.0 = Release|ARM
		{E6BD5735-C934-459B-83E5-E5540CC25EF5}.Release|ARM.Deploy.0 = Release|ARM
		{E6BD5735-C934-459B-83E5-E5540CC25EF5}.Release|iPhone.ActiveCfg = Release|Any CPU
		{E6BD5735-C934-459B-83E5-E5540CC25EF5}.Release|iPhone.Build.0 = Release|Any CPU
		{E6BD5735-C934-459B-83E5-E5540CC25EF5}.Release|iPhone.Deploy.0 = Release|Any CPU
		{E6BD5735-C934-459B-83E5-E5540CC25EF5}.Release|iPhoneSimulator.ActiveCfg = Release|Any CPU
		{E6BD5735-C934-459B-83E5-E5540CC25EF5}.Release|iPhoneSimulator.Build.0 = Release|Any CPU
		{E6BD5735-C934-459B-83E5-E5540CC25EF5}.Release|iPhoneSimulator.Deploy.0 = Release|Any CPU
		{E6BD5735-C934-459B-83E5-E5540CC25EF5}.Release|x64.ActiveCfg = Release|Any CPU
		{E6BD5735-C934-459B-83E5-E5540CC25EF5}.Release|x64.Build.0 = Release|Any CPU
		{E6BD5735-C934-459B-83E5-E5540CC25EF5}.Release|x64.Deploy.0 = Release|Any CPU
		{E6BD5735-C934-459B-83E5-E5540CC25EF5}.Release|x86.ActiveCfg = Release|x86
		{E6BD5735-C934-459B-83E5-E5540CC25EF5}.Release|x86.Build.0 = Release|x86
		{E6BD5735-C934-459B-83E5-E5540CC25EF5}.Release|x86.Deploy.0 = Release|x86
		{48C51A98-E19B-4058-A0D0-04E602DBF2E1}.Ad-Hoc|Any CPU.ActiveCfg = Release|x86
		{48C51A98-E19B-4058-A0D0-04E602DBF2E1}.Ad-Hoc|Any CPU.Build.0 = Release|x86
		{48C51A98-E19B-4058-A0D0-04E602DBF2E1}.Ad-Hoc|Any CPU.Deploy.0 = Release|x86
		{48C51A98-E19B-4058-A0D0-04E602DBF2E1}.Ad-Hoc|ARM.ActiveCfg = Release|ARM
		{48C51A98-E19B-4058-A0D0-04E602DBF2E1}.Ad-Hoc|ARM.Build.0 = Release|ARM
		{48C51A98-E19B-4058-A0D0-04E602DBF2E1}.Ad-Hoc|ARM.Deploy.0 = Release|ARM
		{48C51A98-E19B-4058-A0D0-04E602DBF2E1}.Ad-Hoc|iPhone.ActiveCfg = Release|x86
		{48C51A98-E19B-4058-A0D0-04E602DBF2E1}.Ad-Hoc|iPhone.Build.0 = Release|x86
		{48C51A98-E19B-4058-A0D0-04E602DBF2E1}.Ad-Hoc|iPhone.Deploy.0 = Release|x86
		{48C51A98-E19B-4058-A0D0-04E602DBF2E1}.Ad-Hoc|iPhoneSimulator.ActiveCfg = Release|x86
		{48C51A98-E19B-4058-A0D0-04E602DBF2E1}.Ad-Hoc|iPhoneSimulator.Build.0 = Release|x86
		{48C51A98-E19B-4058-A0D0-04E602DBF2E1}.Ad-Hoc|iPhoneSimulator.Deploy.0 = Release|x86
		{48C51A98-E19B-4058-A0D0-04E602DBF2E1}.Ad-Hoc|x64.ActiveCfg = Release|x64
		{48C51A98-E19B-4058-A0D0-04E602DBF2E1}.Ad-Hoc|x64.Build.0 = Release|x64
		{48C51A98-E19B-4058-A0D0-04E602DBF2E1}.Ad-Hoc|x64.Deploy.0 = Release|x64
		{48C51A98-E19B-4058-A0D0-04E602DBF2E1}.Ad-Hoc|x86.ActiveCfg = Release|x86
		{48C51A98-E19B-4058-A0D0-04E602DBF2E1}.Ad-Hoc|x86.Build.0 = Release|x86
		{48C51A98-E19B-4058-A0D0-04E602DBF2E1}.Ad-Hoc|x86.Deploy.0 = Release|x86
		{48C51A98-E19B-4058-A0D0-04E602DBF2E1}.AppStore|Any CPU.ActiveCfg = Release|x86
		{48C51A98-E19B-4058-A0D0-04E602DBF2E1}.AppStore|Any CPU.Build.0 = Release|x86
		{48C51A98-E19B-4058-A0D0-04E602DBF2E1}.AppStore|Any CPU.Deploy.0 = Release|x86
		{48C51A98-E19B-4058-A0D0-04E602DBF2E1}.AppStore|ARM.ActiveCfg = Release|ARM
		{48C51A98-E19B-4058-A0D0-04E602DBF2E1}.AppStore|ARM.Build.0 = Release|ARM
		{48C51A98-E19B-4058-A0D0-04E602DBF2E1}.AppStore|ARM.Deploy.0 = Release|ARM
		{48C51A98-E19B-4058-A0D0-04E602DBF2E1}.AppStore|iPhone.ActiveCfg = Release|x86
		{48C51A98-E19B-4058-A0D0-04E602DBF2E1}.AppStore|iPhone.Build.0 = Release|x86
		{48C51A98-E19B-4058-A0D0-04E602DBF2E1}.AppStore|iPhone.Deploy.0 = Release|x86
		{48C51A98-E19B-4058-A0D0-04E602DBF2E1}.AppStore|iPhoneSimulator.ActiveCfg = Release|x86
		{48C51A98-E19B-4058-A0D0-04E602DBF2E1}.AppStore|iPhoneSimulator.Build.0 = Release|x86
		{48C51A98-E19B-4058-A0D0-04E602DBF2E1}.AppStore|iPhoneSimulator.Deploy.0 = Release|x86
		{48C51A98-E19B-4058-A0D0-04E602DBF2E1}.AppStore|x64.ActiveCfg = Release|x64
		{48C51A98-E19B-4058-A0D0-04E602DBF2E1}.AppStore|x64.Build.0 = Release|x64
		{48C51A98-E19B-4058-A0D0-04E602DBF2E1}.AppStore|x64.Deploy.0 = Release|x64
		{48C51A98-E19B-4058-A0D0-04E602DBF2E1}.AppStore|x86.ActiveCfg = Release|x86
		{48C51A98-E19B-4058-A0D0-04E602DBF2E1}.AppStore|x86.Build.0 = Release|x86
		{48C51A98-E19B-4058-A0D0-04E602DBF2E1}.AppStore|x86.Deploy.0 = Release|x86
		{48C51A98-E19B-4058-A0D0-04E602DBF2E1}.Debug|Any CPU.ActiveCfg = Debug|x86
		{48C51A98-E19B-4058-A0D0-04E602DBF2E1}.Debug|ARM.ActiveCfg = Debug|ARM
		{48C51A98-E19B-4058-A0D0-04E602DBF2E1}.Debug|ARM.Build.0 = Debug|ARM
		{48C51A98-E19B-4058-A0D0-04E602DBF2E1}.Debug|ARM.Deploy.0 = Debug|ARM
		{48C51A98-E19B-4058-A0D0-04E602DBF2E1}.Debug|iPhone.ActiveCfg = Debug|x86
		{48C51A98-E19B-4058-A0D0-04E602DBF2E1}.Debug|iPhoneSimulator.ActiveCfg = Debug|x86
		{48C51A98-E19B-4058-A0D0-04E602DBF2E1}.Debug|x64.ActiveCfg = Debug|x64
		{48C51A98-E19B-4058-A0D0-04E602DBF2E1}.Debug|x64.Build.0 = Debug|x64
		{48C51A98-E19B-4058-A0D0-04E602DBF2E1}.Debug|x64.Deploy.0 = Debug|x64
		{48C51A98-E19B-4058-A0D0-04E602DBF2E1}.Debug|x86.ActiveCfg = Debug|x86
		{48C51A98-E19B-4058-A0D0-04E602DBF2E1}.Debug|x86.Build.0 = Debug|x86
		{48C51A98-E19B-4058-A0D0-04E602DBF2E1}.Debug|x86.Deploy.0 = Debug|x86
		{48C51A98-E19B-4058-A0D0-04E602DBF2E1}.Release|Any CPU.ActiveCfg = Release|x86
		{48C51A98-E19B-4058-A0D0-04E602DBF2E1}.Release|ARM.ActiveCfg = Release|ARM
		{48C51A98-E19B-4058-A0D0-04E602DBF2E1}.Release|ARM.Build.0 = Release|ARM
		{48C51A98-E19B-4058-A0D0-04E602DBF2E1}.Release|ARM.Deploy.0 = Release|ARM
		{48C51A98-E19B-4058-A0D0-04E602DBF2E1}.Release|iPhone.ActiveCfg = Release|x86
		{48C51A98-E19B-4058-A0D0-04E602DBF2E1}.Release|iPhoneSimulator.ActiveCfg = Release|x86
		{48C51A98-E19B-4058-A0D0-04E602DBF2E1}.Release|x64.ActiveCfg = Release|x64
		{48C51A98-E19B-4058-A0D0-04E602DBF2E1}.Release|x64.Build.0 = Release|x64
		{48C51A98-E19B-4058-A0D0-04E602DBF2E1}.Release|x64.Deploy.0 = Release|x64
		{48C51A98-E19B-4058-A0D0-04E602DBF2E1}.Release|x86.ActiveCfg = Release|x86
		{48C51A98-E19B-4058-A0D0-04E602DBF2E1}.Release|x86.Build.0 = Release|x86
		{48C51A98-E19B-4058-A0D0-04E602DBF2E1}.Release|x86.Deploy.0 = Release|x86
		{34D7B45B-2B08-4D36-8B47-0DAF9D61157A}.Ad-Hoc|Any CPU.ActiveCfg = Release|Any CPU
		{34D7B45B-2B08-4D36-8B47-0DAF9D61157A}.Ad-Hoc|Any CPU.Build.0 = Release|Any CPU
		{34D7B45B-2B08-4D36-8B47-0DAF9D61157A}.Ad-Hoc|Any CPU.Deploy.0 = Release|Any CPU
		{34D7B45B-2B08-4D36-8B47-0DAF9D61157A}.Ad-Hoc|ARM.ActiveCfg = Release|ARM
		{34D7B45B-2B08-4D36-8B47-0DAF9D61157A}.Ad-Hoc|ARM.Build.0 = Release|ARM
		{34D7B45B-2B08-4D36-8B47-0DAF9D61157A}.Ad-Hoc|ARM.Deploy.0 = Release|ARM
		{34D7B45B-2B08-4D36-8B47-0DAF9D61157A}.Ad-Hoc|iPhone.ActiveCfg = Release|Any CPU
		{34D7B45B-2B08-4D36-8B47-0DAF9D61157A}.Ad-Hoc|iPhone.Build.0 = Release|Any CPU
		{34D7B45B-2B08-4D36-8B47-0DAF9D61157A}.Ad-Hoc|iPhone.Deploy.0 = Release|Any CPU
		{34D7B45B-2B08-4D36-8B47-0DAF9D61157A}.Ad-Hoc|iPhoneSimulator.ActiveCfg = Release|Any CPU
		{34D7B45B-2B08-4D36-8B47-0DAF9D61157A}.Ad-Hoc|iPhoneSimulator.Build.0 = Release|Any CPU
		{34D7B45B-2B08-4D36-8B47-0DAF9D61157A}.Ad-Hoc|iPhoneSimulator.Deploy.0 = Release|Any CPU
		{34D7B45B-2B08-4D36-8B47-0DAF9D61157A}.Ad-Hoc|x64.ActiveCfg = Release|x64
		{34D7B45B-2B08-4D36-8B47-0DAF9D61157A}.Ad-Hoc|x64.Build.0 = Release|x64
		{34D7B45B-2B08-4D36-8B47-0DAF9D61157A}.Ad-Hoc|x64.Deploy.0 = Release|x64
		{34D7B45B-2B08-4D36-8B47-0DAF9D61157A}.Ad-Hoc|x86.ActiveCfg = Release|x86
		{34D7B45B-2B08-4D36-8B47-0DAF9D61157A}.Ad-Hoc|x86.Build.0 = Release|x86
		{34D7B45B-2B08-4D36-8B47-0DAF9D61157A}.Ad-Hoc|x86.Deploy.0 = Release|x86
		{34D7B45B-2B08-4D36-8B47-0DAF9D61157A}.AppStore|Any CPU.ActiveCfg = Release|Any CPU
		{34D7B45B-2B08-4D36-8B47-0DAF9D61157A}.AppStore|Any CPU.Build.0 = Release|Any CPU
		{34D7B45B-2B08-4D36-8B47-0DAF9D61157A}.AppStore|Any CPU.Deploy.0 = Release|Any CPU
		{34D7B45B-2B08-4D36-8B47-0DAF9D61157A}.AppStore|ARM.ActiveCfg = Release|ARM
		{34D7B45B-2B08-4D36-8B47-0DAF9D61157A}.AppStore|ARM.Build.0 = Release|ARM
		{34D7B45B-2B08-4D36-8B47-0DAF9D61157A}.AppStore|ARM.Deploy.0 = Release|ARM
		{34D7B45B-2B08-4D36-8B47-0DAF9D61157A}.AppStore|iPhone.ActiveCfg = Release|Any CPU
		{34D7B45B-2B08-4D36-8B47-0DAF9D61157A}.AppStore|iPhone.Build.0 = Release|Any CPU
		{34D7B45B-2B08-4D36-8B47-0DAF9D61157A}.AppStore|iPhone.Deploy.0 = Release|Any CPU
		{34D7B45B-2B08-4D36-8B47-0DAF9D61157A}.AppStore|iPhoneSimulator.ActiveCfg = Release|Any CPU
		{34D7B45B-2B08-4D36-8B47-0DAF9D61157A}.AppStore|iPhoneSimulator.Build.0 = Release|Any CPU
		{34D7B45B-2B08-4D36-8B47-0DAF9D61157A}.AppStore|iPhoneSimulator.Deploy.0 = Release|Any CPU
		{34D7B45B-2B08-4D36-8B47-0DAF9D61157A}.AppStore|x64.ActiveCfg = Release|x64
		{34D7B45B-2B08-4D36-8B47-0DAF9D61157A}.AppStore|x64.Build.0 = Release|x64
		{34D7B45B-2B08-4D36-8B47-0DAF9D61157A}.AppStore|x64.Deploy.0 = Release|x64
		{34D7B45B-2B08-4D36-8B47-0DAF9D61157A}.AppStore|x86.ActiveCfg = Release|x86
		{34D7B45B-2B08-4D36-8B47-0DAF9D61157A}.AppStore|x86.Build.0 = Release|x86
		{34D7B45B-2B08-4D36-8B47-0DAF9D61157A}.AppStore|x86.Deploy.0 = Release|x86
		{34D7B45B-2B08-4D36-8B47-0DAF9D61157A}.Debug|Any CPU.ActiveCfg = Debug|Any CPU
		{34D7B45B-2B08-4D36-8B47-0DAF9D61157A}.Debug|Any CPU.Build.0 = Debug|Any CPU
		{34D7B45B-2B08-4D36-8B47-0DAF9D61157A}.Debug|Any CPU.Deploy.0 = Debug|Any CPU
		{34D7B45B-2B08-4D36-8B47-0DAF9D61157A}.Debug|ARM.ActiveCfg = Debug|ARM
		{34D7B45B-2B08-4D36-8B47-0DAF9D61157A}.Debug|ARM.Build.0 = Debug|ARM
		{34D7B45B-2B08-4D36-8B47-0DAF9D61157A}.Debug|ARM.Deploy.0 = Debug|ARM
		{34D7B45B-2B08-4D36-8B47-0DAF9D61157A}.Debug|iPhone.ActiveCfg = Debug|Any CPU
		{34D7B45B-2B08-4D36-8B47-0DAF9D61157A}.Debug|iPhone.Build.0 = Debug|Any CPU
		{34D7B45B-2B08-4D36-8B47-0DAF9D61157A}.Debug|iPhone.Deploy.0 = Debug|Any CPU
		{34D7B45B-2B08-4D36-8B47-0DAF9D61157A}.Debug|iPhoneSimulator.ActiveCfg = Debug|Any CPU
		{34D7B45B-2B08-4D36-8B47-0DAF9D61157A}.Debug|iPhoneSimulator.Build.0 = Debug|Any CPU
		{34D7B45B-2B08-4D36-8B47-0DAF9D61157A}.Debug|iPhoneSimulator.Deploy.0 = Debug|Any CPU
		{34D7B45B-2B08-4D36-8B47-0DAF9D61157A}.Debug|x64.ActiveCfg = Debug|x64
		{34D7B45B-2B08-4D36-8B47-0DAF9D61157A}.Debug|x64.Build.0 = Debug|x64
		{34D7B45B-2B08-4D36-8B47-0DAF9D61157A}.Debug|x64.Deploy.0 = Debug|x64
		{34D7B45B-2B08-4D36-8B47-0DAF9D61157A}.Debug|x86.ActiveCfg = Debug|x86
		{34D7B45B-2B08-4D36-8B47-0DAF9D61157A}.Debug|x86.Build.0 = Debug|x86
		{34D7B45B-2B08-4D36-8B47-0DAF9D61157A}.Debug|x86.Deploy.0 = Debug|x86
		{34D7B45B-2B08-4D36-8B47-0DAF9D61157A}.Release|Any CPU.ActiveCfg = Release|Any CPU
		{34D7B45B-2B08-4D36-8B47-0DAF9D61157A}.Release|Any CPU.Build.0 = Release|Any CPU
		{34D7B45B-2B08-4D36-8B47-0DAF9D61157A}.Release|Any CPU.Deploy.0 = Release|Any CPU
		{34D7B45B-2B08-4D36-8B47-0DAF9D61157A}.Release|ARM.ActiveCfg = Release|ARM
		{34D7B45B-2B08-4D36-8B47-0DAF9D61157A}.Release|ARM.Build.0 = Release|ARM
		{34D7B45B-2B08-4D36-8B47-0DAF9D61157A}.Release|ARM.Deploy.0 = Release|ARM
		{34D7B45B-2B08-4D36-8B47-0DAF9D61157A}.Release|iPhone.ActiveCfg = Release|Any CPU
		{34D7B45B-2B08-4D36-8B47-0DAF9D61157A}.Release|iPhone.Build.0 = Release|Any CPU
		{34D7B45B-2B08-4D36-8B47-0DAF9D61157A}.Release|iPhone.Deploy.0 = Release|Any CPU
		{34D7B45B-2B08-4D36-8B47-0DAF9D61157A}.Release|iPhoneSimulator.ActiveCfg = Release|Any CPU
		{34D7B45B-2B08-4D36-8B47-0DAF9D61157A}.Release|iPhoneSimulator.Build.0 = Release|Any CPU
		{34D7B45B-2B08-4D36-8B47-0DAF9D61157A}.Release|iPhoneSimulator.Deploy.0 = Release|Any CPU
		{34D7B45B-2B08-4D36-8B47-0DAF9D61157A}.Release|x64.ActiveCfg = Release|x64
		{34D7B45B-2B08-4D36-8B47-0DAF9D61157A}.Release|x64.Build.0 = Release|x64
		{34D7B45B-2B08-4D36-8B47-0DAF9D61157A}.Release|x64.Deploy.0 = Release|x64
		{34D7B45B-2B08-4D36-8B47-0DAF9D61157A}.Release|x86.ActiveCfg = Release|x86
		{34D7B45B-2B08-4D36-8B47-0DAF9D61157A}.Release|x86.Build.0 = Release|x86
		{34D7B45B-2B08-4D36-8B47-0DAF9D61157A}.Release|x86.Deploy.0 = Release|x86
		{15960BAD-675D-46C5-B56A-EF9C969F890D}.Ad-Hoc|Any CPU.ActiveCfg = Release|Any CPU
		{15960BAD-675D-46C5-B56A-EF9C969F890D}.Ad-Hoc|Any CPU.Build.0 = Release|Any CPU
		{15960BAD-675D-46C5-B56A-EF9C969F890D}.Ad-Hoc|ARM.ActiveCfg = Release|Any CPU
		{15960BAD-675D-46C5-B56A-EF9C969F890D}.Ad-Hoc|ARM.Build.0 = Release|Any CPU
		{15960BAD-675D-46C5-B56A-EF9C969F890D}.Ad-Hoc|iPhone.ActiveCfg = Release|Any CPU
		{15960BAD-675D-46C5-B56A-EF9C969F890D}.Ad-Hoc|iPhone.Build.0 = Release|Any CPU
		{15960BAD-675D-46C5-B56A-EF9C969F890D}.Ad-Hoc|iPhoneSimulator.ActiveCfg = Release|Any CPU
		{15960BAD-675D-46C5-B56A-EF9C969F890D}.Ad-Hoc|iPhoneSimulator.Build.0 = Release|Any CPU
		{15960BAD-675D-46C5-B56A-EF9C969F890D}.Ad-Hoc|x64.ActiveCfg = Release|Any CPU
		{15960BAD-675D-46C5-B56A-EF9C969F890D}.Ad-Hoc|x64.Build.0 = Release|Any CPU
		{15960BAD-675D-46C5-B56A-EF9C969F890D}.Ad-Hoc|x86.ActiveCfg = Release|Any CPU
		{15960BAD-675D-46C5-B56A-EF9C969F890D}.Ad-Hoc|x86.Build.0 = Release|Any CPU
		{15960BAD-675D-46C5-B56A-EF9C969F890D}.AppStore|Any CPU.ActiveCfg = Release|Any CPU
		{15960BAD-675D-46C5-B56A-EF9C969F890D}.AppStore|Any CPU.Build.0 = Release|Any CPU
		{15960BAD-675D-46C5-B56A-EF9C969F890D}.AppStore|ARM.ActiveCfg = Release|Any CPU
		{15960BAD-675D-46C5-B56A-EF9C969F890D}.AppStore|ARM.Build.0 = Release|Any CPU
		{15960BAD-675D-46C5-B56A-EF9C969F890D}.AppStore|iPhone.ActiveCfg = Release|Any CPU
		{15960BAD-675D-46C5-B56A-EF9C969F890D}.AppStore|iPhone.Build.0 = Release|Any CPU
		{15960BAD-675D-46C5-B56A-EF9C969F890D}.AppStore|iPhoneSimulator.ActiveCfg = Release|Any CPU
		{15960BAD-675D-46C5-B56A-EF9C969F890D}.AppStore|iPhoneSimulator.Build.0 = Release|Any CPU
		{15960BAD-675D-46C5-B56A-EF9C969F890D}.AppStore|x64.ActiveCfg = Release|Any CPU
		{15960BAD-675D-46C5-B56A-EF9C969F890D}.AppStore|x64.Build.0 = Release|Any CPU
		{15960BAD-675D-46C5-B56A-EF9C969F890D}.AppStore|x86.ActiveCfg = Release|Any CPU
		{15960BAD-675D-46C5-B56A-EF9C969F890D}.AppStore|x86.Build.0 = Release|Any CPU
		{15960BAD-675D-46C5-B56A-EF9C969F890D}.Debug|Any CPU.ActiveCfg = Debug|Any CPU
		{15960BAD-675D-46C5-B56A-EF9C969F890D}.Debug|Any CPU.Build.0 = Debug|Any CPU
		{15960BAD-675D-46C5-B56A-EF9C969F890D}.Debug|ARM.ActiveCfg = Debug|Any CPU
		{15960BAD-675D-46C5-B56A-EF9C969F890D}.Debug|ARM.Build.0 = Debug|Any CPU
		{15960BAD-675D-46C5-B56A-EF9C969F890D}.Debug|iPhone.ActiveCfg = Debug|Any CPU
		{15960BAD-675D-46C5-B56A-EF9C969F890D}.Debug|iPhone.Build.0 = Debug|Any CPU
		{15960BAD-675D-46C5-B56A-EF9C969F890D}.Debug|iPhoneSimulator.ActiveCfg = Debug|Any CPU
		{15960BAD-675D-46C5-B56A-EF9C969F890D}.Debug|iPhoneSimulator.Build.0 = Debug|Any CPU
		{15960BAD-675D-46C5-B56A-EF9C969F890D}.Debug|x64.ActiveCfg = Debug|Any CPU
		{15960BAD-675D-46C5-B56A-EF9C969F890D}.Debug|x64.Build.0 = Debug|Any CPU
		{15960BAD-675D-46C5-B56A-EF9C969F890D}.Debug|x86.ActiveCfg = Debug|Any CPU
		{15960BAD-675D-46C5-B56A-EF9C969F890D}.Debug|x86.Build.0 = Debug|Any CPU
		{15960BAD-675D-46C5-B56A-EF9C969F890D}.Release|Any CPU.ActiveCfg = Release|Any CPU
		{15960BAD-675D-46C5-B56A-EF9C969F890D}.Release|Any CPU.Build.0 = Release|Any CPU
		{15960BAD-675D-46C5-B56A-EF9C969F890D}.Release|ARM.ActiveCfg = Release|Any CPU
		{15960BAD-675D-46C5-B56A-EF9C969F890D}.Release|ARM.Build.0 = Release|Any CPU
		{15960BAD-675D-46C5-B56A-EF9C969F890D}.Release|iPhone.ActiveCfg = Release|Any CPU
		{15960BAD-675D-46C5-B56A-EF9C969F890D}.Release|iPhone.Build.0 = Release|Any CPU
		{15960BAD-675D-46C5-B56A-EF9C969F890D}.Release|iPhoneSimulator.ActiveCfg = Release|Any CPU
		{15960BAD-675D-46C5-B56A-EF9C969F890D}.Release|iPhoneSimulator.Build.0 = Release|Any CPU
		{15960BAD-675D-46C5-B56A-EF9C969F890D}.Release|x64.ActiveCfg = Release|Any CPU
		{15960BAD-675D-46C5-B56A-EF9C969F890D}.Release|x64.Build.0 = Release|Any CPU
		{15960BAD-675D-46C5-B56A-EF9C969F890D}.Release|x86.ActiveCfg = Release|Any CPU
		{15960BAD-675D-46C5-B56A-EF9C969F890D}.Release|x86.Build.0 = Release|Any CPU
	EndGlobalSection
	GlobalSection(SolutionProperties) = preSolution
		HideSolutionNode = FALSE
	EndGlobalSection
EndGlobal
